{
  "name": "throttle",
  "version": "1.0.0",
  "lockfileVersion": 1,
  "requires": true,
  "dependencies": {
    "@types/node": {
      "version": "9.6.18",
      "resolved": "https://registry.npmjs.org/@types/node/-/node-9.6.18.tgz",
      "integrity": "sha512-lywCnJQRSsu0kitHQ5nkb7Ay/ScdJPQjhWRtuf+G1DmNKJnPcdVyP0pYvdiDFKjzReC6NLWLgSyimno3kKfIig==",
      "dev": true
    }
  }
}
